
Microsoft Visual Studio Solution File, Format Version 12.00
# Visual Studio 15
VisualStudioVersion = 15.0.28010.2036
MinimumVisualStudioVersion = 10.0.40219.1
Project("{FAE04EC0-301F-11D3-BF4B-00C04F79EFBC}") = "NugetPackager", "NugetPackager\NugetPackager.csproj", "{7467336F-C6B0-48AD-A07B-56E921A44F24}"
EndProject
Global
	GlobalSection(SolutionConfigurationPlatforms) = preSolution
		Debug|Any CPU = Debug|Any CPU
		Release|Any CPU = Release|Any CPU
	EndGlobalSection
	GlobalSection(ProjectConfigurationPlatforms) = postSolution
		{7467336F-C6B0-48AD-A07B-56E921A44F24}.Debug|Any CPU.ActiveCfg = Debug|Any CPU
		{7467336F-C6B0-48AD-A07B-56E921A44F24}.Debug|Any CPU.Build.0 = Debug|Any CPU
		{7467336F-C6B0-48AD-A07B-56E921A44F24}.Release|Any CPU.ActiveCfg = Release|Any CPU
		{7467336F-C6B0-48AD-A07B-56E921A44F24}.Release|Any CPU.Build.0 = Release|Any CPU
	EndGlobalSection
	GlobalSection(SolutionProperties) = preSolution
		HideSolutionNode = FALSE
	EndGlobalSection
	GlobalSection(ExtensibilityGlobals) = postSolution
		SolutionGuid = {F2D1928A-6599-4D84-AF48-586DE285EAEF}
	EndGlobalSection
EndGlobal
